
Microsoft Visual Studio Solution File, Format Version 10.00
# Visual C++ Express 2008
Project("{8BC9CEB8-8B4A-11D0-8D11-00A0C91BC942}") = "ComplexLib", "ComplexLib\ComplexLib.vcproj", "{99110FBD-D532-4984-AB3B-1C07515B3667}"
EndProject
Project("{8BC9CEB8-8B4A-11D0-8D11-00A0C91BC942}") = "AddinXl", "ComplexLibXL\ComplexLibXL.vcproj", "{1F9FC421-8257-4EE7-85B1-8F0F67093852}"
	ProjectSection(ProjectDependencies) = postProject
		{72B5EDA8-E86D-4655-A759-159F8E377CA4} = {72B5EDA8-E86D-4655-A759-159F8E377CA4}
		{99110FBD-D532-4984-AB3B-1C07515B3667} = {99110FBD-D532-4984-AB3B-1C07515B3667}
	EndProjectSection
EndProject
Project("{8BC9CEB8-8B4A-11D0-8D11-00A0C91BC942}") = "AddinCpp", "ComplexLibAddin\AddinCpp\AddinCpp.vcproj", "{F9B4E49E-DDFD-4759-AC4D-38FC806A3A65}"
EndProject
Project("{8BC9CEB8-8B4A-11D0-8D11-00A0C91BC942}") = "AddinObjects", "ComplexLibAddin\clo\AddinObjects.vcproj", "{72B5EDA8-E86D-4655-A759-159F8E377CA4}"
EndProject
Project("{8BC9CEB8-8B4A-11D0-8D11-00A0C91BC942}") = "MainComplexLibAddin", "ComplexLibAddin\Main\MainComplexLibAddin.vcproj", "{2CA85487-1FE7-4508-B6DF-6FAB6B83B4C0}"
	ProjectSection(ProjectDependencies) = postProject
		{F9B4E49E-DDFD-4759-AC4D-38FC806A3A65} = {F9B4E49E-DDFD-4759-AC4D-38FC806A3A65}
		{72B5EDA8-E86D-4655-A759-159F8E377CA4} = {72B5EDA8-E86D-4655-A759-159F8E377CA4}
		{99110FBD-D532-4984-AB3B-1C07515B3667} = {99110FBD-D532-4984-AB3B-1C07515B3667}
	EndProjectSection
EndProject
Project("{8BC9CEB8-8B4A-11D0-8D11-00A0C91BC942}") = "swigrun", "ComplexLibAddin\swig\swigrun_vc9.vcproj", "{88BE5568-6E55-41C5-A251-670FAFB44336}"
	ProjectSection(ProjectDependencies) = postProject
		{1BCA73BB-0CAD-4653-89E0-99C04C989CEC} = {1BCA73BB-0CAD-4653-89E0-99C04C989CEC}
	EndProjectSection
EndProject
Project("{8BC9CEB8-8B4A-11D0-8D11-00A0C91BC942}") = "swig", "..\..\..\swig_vc9.vcproj", "{1BCA73BB-0CAD-4653-89E0-99C04C989CEC}"
EndProject
Global
	GlobalSection(SolutionConfigurationPlatforms) = preSolution
		All|Win32 = All|Win32
		Debug|Win32 = Debug|Win32
		Release|Win32 = Release|Win32
	EndGlobalSection
	GlobalSection(ProjectConfigurationPlatforms) = postSolution
		{99110FBD-D532-4984-AB3B-1C07515B3667}.All|Win32.ActiveCfg = Release|Win32
		{99110FBD-D532-4984-AB3B-1C07515B3667}.All|Win32.Build.0 = Release|Win32
		{99110FBD-D532-4984-AB3B-1C07515B3667}.Debug|Win32.ActiveCfg = Debug|Win32
		{99110FBD-D532-4984-AB3B-1C07515B3667}.Debug|Win32.Build.0 = Debug|Win32
		{99110FBD-D532-4984-AB3B-1C07515B3667}.Release|Win32.ActiveCfg = Release|Win32
		{99110FBD-D532-4984-AB3B-1C07515B3667}.Release|Win32.Build.0 = Release|Win32
		{1F9FC421-8257-4EE7-85B1-8F0F67093852}.All|Win32.ActiveCfg = Release|Win32
		{1F9FC421-8257-4EE7-85B1-8F0F67093852}.All|Win32.Build.0 = Release|Win32
		{1F9FC421-8257-4EE7-85B1-8F0F67093852}.Debug|Win32.ActiveCfg = Debug|Win32
		{1F9FC421-8257-4EE7-85B1-8F0F67093852}.Debug|Win32.Build.0 = Debug|Win32
		{1F9FC421-8257-4EE7-85B1-8F0F67093852}.Release|Win32.ActiveCfg = Release|Win32
		{1F9FC421-8257-4EE7-85B1-8F0F67093852}.Release|Win32.Build.0 = Release|Win32
		{F9B4E49E-DDFD-4759-AC4D-38FC806A3A65}.All|Win32.ActiveCfg = Release|Win32
		{F9B4E49E-DDFD-4759-AC4D-38FC806A3A65}.All|Win32.Build.0 = Release|Win32
		{F9B4E49E-DDFD-4759-AC4D-38FC806A3A65}.Debug|Win32.ActiveCfg = Debug|Win32
		{F9B4E49E-DDFD-4759-AC4D-38FC806A3A65}.Debug|Win32.Build.0 = Debug|Win32
		{F9B4E49E-DDFD-4759-AC4D-38FC806A3A65}.Release|Win32.ActiveCfg = Release|Win32
		{F9B4E49E-DDFD-4759-AC4D-38FC806A3A65}.Release|Win32.Build.0 = Release|Win32
		{72B5EDA8-E86D-4655-A759-159F8E377CA4}.All|Win32.ActiveCfg = Release|Win32
		{72B5EDA8-E86D-4655-A759-159F8E377CA4}.All|Win32.Build.0 = Release|Win32
		{72B5EDA8-E86D-4655-A759-159F8E377CA4}.Debug|Win32.ActiveCfg = Debug|Win32
		{72B5EDA8-E86D-4655-A759-159F8E377CA4}.Debug|Win32.Build.0 = Debug|Win32
		{72B5EDA8-E86D-4655-A759-159F8E377CA4}.Release|Win32.ActiveCfg = Release|Win32
		{72B5EDA8-E86D-4655-A759-159F8E377CA4}.Release|Win32.Build.0 = Release|Win32
		{2CA85487-1FE7-4508-B6DF-6FAB6B83B4C0}.All|Win32.ActiveCfg = Release|Win32
		{2CA85487-1FE7-4508-B6DF-6FAB6B83B4C0}.All|Win32.Build.0 = Release|Win32
		{2CA85487-1FE7-4508-B6DF-6FAB6B83B4C0}.Debug|Win32.ActiveCfg = Debug|Win32
		{2CA85487-1FE7-4508-B6DF-6FAB6B83B4C0}.Debug|Win32.Build.0 = Debug|Win32
		{2CA85487-1FE7-4508-B6DF-6FAB6B83B4C0}.Release|Win32.ActiveCfg = Release|Win32
		{2CA85487-1FE7-4508-B6DF-6FAB6B83B4C0}.Release|Win32.Build.0 = Release|Win32
		{88BE5568-6E55-41C5-A251-670FAFB44336}.All|Win32.ActiveCfg = All|Win32
		{88BE5568-6E55-41C5-A251-670FAFB44336}.All|Win32.Build.0 = All|Win32
		{88BE5568-6E55-41C5-A251-670FAFB44336}.Debug|Win32.ActiveCfg = All|Win32
		{88BE5568-6E55-41C5-A251-670FAFB44336}.Debug|Win32.Build.0 = All|Win32
		{88BE5568-6E55-41C5-A251-670FAFB44336}.Release|Win32.ActiveCfg = All|Win32
		{88BE5568-6E55-41C5-A251-670FAFB44336}.Release|Win32.Build.0 = All|Win32
		{1BCA73BB-0CAD-4653-89E0-99C04C989CEC}.All|Win32.ActiveCfg = Release|Win32
		{1BCA73BB-0CAD-4653-89E0-99C04C989CEC}.All|Win32.Build.0 = Release|Win32
		{1BCA73BB-0CAD-4653-89E0-99C04C989CEC}.Debug|Win32.ActiveCfg = Debug|Win32
		{1BCA73BB-0CAD-4653-89E0-99C04C989CEC}.Debug|Win32.Build.0 = Debug|Win32
		{1BCA73BB-0CAD-4653-89E0-99C04C989CEC}.Release|Win32.ActiveCfg = Release|Win32
		{1BCA73BB-0CAD-4653-89E0-99C04C989CEC}.Release|Win32.Build.0 = Release|Win32
	EndGlobalSection
	GlobalSection(SolutionProperties) = preSolution
		HideSolutionNode = FALSE
	EndGlobalSection
EndGlobal
